<?xml version="1.0" encoding="UTF-8" standalone="yes" ?>
<CodeBlocks_project_file>
	<FileVersion major="1" minor="6" />
	<Project>
		<Option title="glsl_mandelbrot" />
		<Option pch_mode="2" />
		<Option compiler="gcc" />
		<Build>
			<Target title="Debug">
				<Option output="bin/Debug/glsl_mandelbrot" prefix_auto="1" extension_auto="1" />
				<Option object_output="obj/Debug/" />
				<Option type="1" />
				<Option compiler="gcc" />
				<Compiler>
					<Add option="-g" />
					<Add option="-I/usr/include/freetype2" />
					<Add option="-DGL_GLEXT_PROTOTYPES" />
				</Compiler>
				<Linker>
					<Add option="-lGL -lglfw -lXrandr -lpthread -lz -lpnglite -lftgl" />
				</Linker>
			</Target>
			<Target title="Release">
				<Option output="bin/Release/glsl_mandelbrot" prefix_auto="1" extension_auto="1" />
				<Option object_output="obj/Release/" />
				<Option type="1" />
				<Option compiler="gcc" />
				<Compiler>
					<Add option="-O2" />
				</Compiler>
				<Linker>
					<Add option="-s" />
				</Linker>
			</Target>
		</Build>
		<Compiler>
			<Add option="-Wall" />
		</Compiler>
		<Unit filename="main.c">
			<Option compilerVar="CC" />
		</Unit>
		<Unit filename="main2.cpp" />
		<Unit filename="mandelbrot (copy).frag" />
		<Unit filename="mandelbrot.frag" />
		<Unit filename="parameter.cpp" />
		<Unit filename="shader_interface.cpp" />
		<Unit filename="shader_interface.h" />
		<Unit filename="utils.cpp" />
		<Unit filename="utils.h" />
		<Extensions>
			<envvars />
			<code_completion />
			<debugger />
			<lib_finder disable_auto="1" />
		</Extensions>
	</Project>
</CodeBlocks_project_file>
